
Microsoft Visual Studio Solution File, Format Version 12.00
# Visual Studio Version 17
VisualStudioVersion = 17.11.35312.102
MinimumVisualStudioVersion = 10.0.40219.1
Project("{FAE04EC0-301F-11D3-BF4B-00C04F79EFBC}") = "WebFormTest", "WebFormTest\WebFormTest.csproj", "{696FE5DC-CA53-46A9-9278-8EC2FD23F4FA}"
EndProject
Global
	GlobalSection(SolutionConfigurationPlatforms) = preSolution
		Debug|Any CPU = Debug|Any CPU
		Release|Any CPU = Release|Any CPU
	EndGlobalSection
	GlobalSection(ProjectConfigurationPlatforms) = postSolution
		{696FE5DC-CA53-46A9-9278-8EC2FD23F4FA}.Debug|Any CPU.ActiveCfg = Debug|Any CPU
		{696FE5DC-CA53-46A9-9278-8EC2FD23F4FA}.Debug|Any CPU.Build.0 = Debug|Any CPU
		{696FE5DC-CA53-46A9-9278-8EC2FD23F4FA}.Release|Any CPU.ActiveCfg = Release|Any CPU
		{696FE5DC-CA53-46A9-9278-8EC2FD23F4FA}.Release|Any CPU.Build.0 = Release|Any CPU
	EndGlobalSection
	GlobalSection(SolutionProperties) = preSolution
		HideSolutionNode = FALSE
	EndGlobalSection
	GlobalSection(ExtensibilityGlobals) = postSolution
		SolutionGuid = {C9E60CAA-2E41-4E9B-B493-29107CDEF908}
	EndGlobalSection
EndGlobal
